
Microsoft Visual Studio Solution File, Format Version 12.00
# Visual Studio Version 16
VisualStudioVersion = 16.0.30804.86
MinimumVisualStudioVersion = 10.0.40219.1
Project("{9A19103F-16F7-4668-BE54-9A1E7A4F7556}") = "Zoom", "Zoom.csproj", "{35210B60-C78B-4364-82B6-D47FEDF1CDAE}"
EndProject
Global
	GlobalSection(SolutionConfigurationPlatforms) = preSolution
		Debug|Any CPU = Debug|Any CPU
		Release|Any CPU = Release|Any CPU
	EndGlobalSection
	GlobalSection(ProjectConfigurationPlatforms) = postSolution
		{35210B60-C78B-4364-82B6-D47FEDF1CDAE}.Debug|Any CPU.ActiveCfg = Debug|Any CPU
		{35210B60-C78B-4364-82B6-D47FEDF1CDAE}.Debug|Any CPU.Build.0 = Debug|Any CPU
		{35210B60-C78B-4364-82B6-D47FEDF1CDAE}.Release|Any CPU.ActiveCfg = Release|Any CPU
		{35210B60-C78B-4364-82B6-D47FEDF1CDAE}.Release|Any CPU.Build.0 = Release|Any CPU
	EndGlobalSection
	GlobalSection(SolutionProperties) = preSolution
		HideSolutionNode = FALSE
	EndGlobalSection
	GlobalSection(ExtensibilityGlobals) = postSolution
		SolutionGuid = {33B77CF3-6039-462C-A00B-5109EAC3FB3E}
	EndGlobalSection
EndGlobal
